#
# This file is autogenerated by pip-compile with Python 3.11
# by the following command:
#
#    pip-compile --output-file=requirements.lock requirements.txt
#
absl-py==2.4.0
    # via mediapipe
aiohappyeyeballs==2.6.2
    # via aiohttp
aiohttp==3.14.1
    # via
    #   aiohttp-retry
    #   twilio
aiohttp-retry==2.9.1
    # via twilio
aiosignal==1.4.0
    # via aiohttp
apscheduler==3.10.4
    # via -r requirements.txt
arabic-reshaper==3.0.1
    # via -r requirements.txt
attrs==26.1.0
    # via
    #   aiohttp
    #   mediapipe
blinker==1.9.0
    # via flask
certifi==2026.6.17
    # via
    #   cloudinary
    #   requests
cffi==2.0.0
    # via
    #   cryptography
    #   sounddevice
charset-normalizer==3.4.7
    # via
    #   reportlab
    #   requests
click==8.4.1
    # via
    #   flask
    #   rq
cloudinary==1.44.2
    # via -r requirements.txt
contourpy==1.3.3
    # via matplotlib
cryptography==43.0.1
    # via -r requirements.txt
cycler==0.12.1
    # via matplotlib
deprecated==1.3.1
    # via
    #   limits
    #   pikepdf
dnspython==2.8.0
    # via email-validator
email-validator==2.1.1
    # via -r requirements.txt
et-xmlfile==2.0.0
    # via openpyxl
flask==2.3.3
    # via
    #   -r requirements.txt
    #   flask-limiter
    #   flask-login
    #   flask-sqlalchemy
    #   flask-wtf
flask-limiter==4.1.1
    # via -r requirements.txt
flask-login==0.6.3
    # via -r requirements.txt
flask-sqlalchemy==3.1.1
    # via -r requirements.txt
flask-talisman==1.1.0
    # via -r requirements.txt
flask-wtf==1.2.1
    # via -r requirements.txt
flatbuffers==25.12.19
    # via mediapipe
fonttools==4.63.0
    # via matplotlib
frozenlist==1.8.0
    # via
    #   aiohttp
    #   aiosignal
greenlet==3.5.2
    # via sqlalchemy
gunicorn==21.2.0
    # via -r requirements.txt
idna==3.18
    # via
    #   email-validator
    #   requests
    #   yarl
itsdangerous==2.2.0
    # via
    #   -r requirements.txt
    #   flask
    #   flask-wtf
jax==0.7.1
    # via mediapipe
jaxlib==0.7.1
    # via
    #   jax
    #   mediapipe
jinja2==3.1.6
    # via flask
kiwisolver==1.5.0
    # via matplotlib
limits==5.8.0
    # via flask-limiter
lxml==6.1.1
    # via pikepdf
markupsafe==3.0.3
    # via
    #   jinja2
    #   werkzeug
    #   wtforms
matplotlib==3.11.0
    # via mediapipe
mediapipe==0.10.21
    # via -r requirements.txt
ml-dtypes==0.5.4
    # via
    #   jax
    #   jaxlib
multidict==6.7.1
    # via
    #   aiohttp
    #   yarl
numpy==1.26.4
    # via
    #   -r requirements.txt
    #   contourpy
    #   jax
    #   jaxlib
    #   matplotlib
    #   mediapipe
    #   ml-dtypes
    #   opencv-contrib-python
    #   pandas
    #   scipy
opencv-contrib-python==4.11.0.86
    # via mediapipe
openpyxl==3.1.5
    # via -r requirements.txt
opt-einsum==3.4.0
    # via jax
ordered-set==4.1.0
    # via flask-limiter
packaging==26.2
    # via
    #   gunicorn
    #   limits
    #   matplotlib
    #   pikepdf
    #   pytesseract
pandas==2.1.4 ; python_version < "3.13"
    # via -r requirements.txt
pikepdf==10.5.1
    # via -r requirements.txt
pillow==10.4.0 ; python_version < "3.13"
    # via
    #   -r requirements.txt
    #   matplotlib
    #   pikepdf
    #   pytesseract
    #   reportlab
propcache==0.5.2
    # via
    #   aiohttp
    #   yarl
protobuf==4.25.9
    # via mediapipe
psutil==7.2.2
    # via -r requirements.txt
psycopg2-binary==2.9.9
    # via -r requirements.txt
pycparser==3.0
    # via cffi
pyjwt==2.13.0
    # via twilio
pymupdf==1.26.4
    # via -r requirements.txt
pyparsing==3.3.2
    # via matplotlib
pypdf==6.9.1
    # via -r requirements.txt
pypng==0.20220715.0
    # via qrcode
pytesseract==0.3.13
    # via -r requirements.txt
python-barcode==0.15.1
    # via -r requirements.txt
python-bidi==0.6.10
    # via -r requirements.txt
python-dateutil==2.9.0.post0
    # via
    #   -r requirements.txt
    #   matplotlib
    #   pandas
python-dotenv==1.2.1
    # via -r requirements.txt
python-json-logger==4.1.0
    # via -r requirements.txt
pytz==2026.2
    # via
    #   apscheduler
    #   pandas
qrcode==7.4.2
    # via -r requirements.txt
redis==7.4.1
    # via
    #   -r requirements.txt
    #   rq
reportlab==4.4.6
    # via -r requirements.txt
requests==2.34.0
    # via
    #   -r requirements.txt
    #   twilio
rq==1.16.2
    # via -r requirements.txt
scipy==1.17.1
    # via
    #   jax
    #   jaxlib
sentencepiece==0.2.1
    # via mediapipe
six==1.17.0
    # via
    #   apscheduler
    #   cloudinary
    #   python-dateutil
sounddevice==0.5.5
    # via mediapipe
sqlalchemy==2.0.29
    # via
    #   -r requirements.txt
    #   flask-sqlalchemy
twilio==9.10.9
    # via -r requirements.txt
typing-extensions==4.15.0
    # via
    #   aiohttp
    #   aiosignal
    #   flask-limiter
    #   limits
    #   qrcode
    #   sqlalchemy
tzdata==2026.2
    # via pandas
tzlocal==5.4.3
    # via apscheduler
ua-parser==1.0.2
    # via user-agents
ua-parser-builtins==202606
    # via ua-parser
urllib3==2.7.0
    # via
    #   cloudinary
    #   requests
user-agents==2.2.0
    # via -r requirements.txt
werkzeug==3.0.4
    # via
    #   -r requirements.txt
    #   flask
    #   flask-login
wrapt==2.2.1
    # via deprecated
wtforms==3.2.2
    # via flask-wtf
yarl==1.24.2
    # via aiohttp
